
Microsoft Visual Studio Solution File, Format Version 12.00
# Visual Studio 15
VisualStudioVersion = 15.0.27703.2000
MinimumVisualStudioVersion = 10.0.40219.1
Project("{FAE04EC0-301F-11D3-BF4B-00C04F79EFBC}") = "ExampleMVC", "WebApplication2\ExampleMVC.csproj", "{94C10BFB-4847-41DE-B704-F0489950E89C}"
EndProject
Global
	GlobalSection(SolutionConfigurationPlatforms) = preSolution
		Debug|Any CPU = Debug|Any CPU
		Release|Any CPU = Release|Any CPU
	EndGlobalSection
	GlobalSection(ProjectConfigurationPlatforms) = postSolution
		{94C10BFB-4847-41DE-B704-F0489950E89C}.Debug|Any CPU.ActiveCfg = Debug|Any CPU
		{94C10BFB-4847-41DE-B704-F0489950E89C}.Debug|Any CPU.Build.0 = Debug|Any CPU
		{94C10BFB-4847-41DE-B704-F0489950E89C}.Release|Any CPU.ActiveCfg = Release|Any CPU
		{94C10BFB-4847-41DE-B704-F0489950E89C}.Release|Any CPU.Build.0 = Release|Any CPU
	EndGlobalSection
	GlobalSection(SolutionProperties) = preSolution
		HideSolutionNode = FALSE
	EndGlobalSection
	GlobalSection(ExtensibilityGlobals) = postSolution
		SolutionGuid = {A679DDD6-E99C-46B9-BB25-0ADF35952DEA}
	EndGlobalSection
EndGlobal
